
Microsoft Visual Studio Solution File, Format Version 12.00
# Visual Studio Version 16
VisualStudioVersion = 16.0.31605.320
MinimumVisualStudioVersion = 10.0.40219.1
Project("{FAE04EC0-301F-11D3-BF4B-00C04F79EFBC}") = "Demo_DI_MVC", "Demo_DI_MVC\Demo_DI_MVC.csproj", "{FAE8F8D1-6818-4574-8840-22E5BC17FD5B}"
EndProject
Global
	GlobalSection(SolutionConfigurationPlatforms) = preSolution
		Debug|Any CPU = Debug|Any CPU
		Release|Any CPU = Release|Any CPU
	EndGlobalSection
	GlobalSection(ProjectConfigurationPlatforms) = postSolution
		{FAE8F8D1-6818-4574-8840-22E5BC17FD5B}.Debug|Any CPU.ActiveCfg = Debug|Any CPU
		{FAE8F8D1-6818-4574-8840-22E5BC17FD5B}.Debug|Any CPU.Build.0 = Debug|Any CPU
		{FAE8F8D1-6818-4574-8840-22E5BC17FD5B}.Release|Any CPU.ActiveCfg = Release|Any CPU
		{FAE8F8D1-6818-4574-8840-22E5BC17FD5B}.Release|Any CPU.Build.0 = Release|Any CPU
	EndGlobalSection
	GlobalSection(SolutionProperties) = preSolution
		HideSolutionNode = FALSE
	EndGlobalSection
	GlobalSection(ExtensibilityGlobals) = postSolution
		SolutionGuid = {5E9242B4-C58B-440D-A9A4-AAAE57A98A9E}
	EndGlobalSection
EndGlobal
